
Microsoft Visual Studio Solution File, Format Version 12.00
# Visual Studio Version 17
VisualStudioVersion = 17.14.36603.0 d17.14
MinimumVisualStudioVersion = 10.0.40219.1
Project("{FAE04EC0-301F-11D3-BF4B-00C04F79EFBC}") = "PRG2782 Project", "PRG2782 Project\PRG2782 Project.csproj", "{3EAB7B27-5458-4B0B-B82A-6346F9E79375}"
EndProject
Global
	GlobalSection(SolutionConfigurationPlatforms) = preSolution
		Debug|Any CPU = Debug|Any CPU
		Release|Any CPU = Release|Any CPU
	EndGlobalSection
	GlobalSection(ProjectConfigurationPlatforms) = postSolution
		{3EAB7B27-5458-4B0B-B82A-6346F9E79375}.Debug|Any CPU.ActiveCfg = Debug|Any CPU
		{3EAB7B27-5458-4B0B-B82A-6346F9E79375}.Debug|Any CPU.Build.0 = Debug|Any CPU
		{3EAB7B27-5458-4B0B-B82A-6346F9E79375}.Release|Any CPU.ActiveCfg = Release|Any CPU
		{3EAB7B27-5458-4B0B-B82A-6346F9E79375}.Release|Any CPU.Build.0 = Release|Any CPU
	EndGlobalSection
	GlobalSection(SolutionProperties) = preSolution
		HideSolutionNode = FALSE
	EndGlobalSection
	GlobalSection(ExtensibilityGlobals) = postSolution
		SolutionGuid = {2D984E11-062E-4D7D-A04F-E3B2BE166922}
	EndGlobalSection
EndGlobal
